
Microsoft Visual Studio Solution File, Format Version 12.00
# Visual Studio Version 17
VisualStudioVersion = 17.13.35806.99 d17.13
MinimumVisualStudioVersion = 10.0.40219.1
Project("{FAE04EC0-301F-11D3-BF4B-00C04F79EFBC}") = "FullTimeAPI", "FullTimeAPI\FullTimeAPI.csproj", "{726615B1-8765-41E9-BD17-FBAB9A990356}"
EndProject
Global
	GlobalSection(SolutionConfigurationPlatforms) = preSolution
		Debug|Any CPU = Debug|Any CPU
		Release|Any CPU = Release|Any CPU
	EndGlobalSection
	GlobalSection(ProjectConfigurationPlatforms) = postSolution
		{726615B1-8765-41E9-BD17-FBAB9A990356}.Debug|Any CPU.ActiveCfg = Debug|Any CPU
		{726615B1-8765-41E9-BD17-FBAB9A990356}.Debug|Any CPU.Build.0 = Debug|Any CPU
		{726615B1-8765-41E9-BD17-FBAB9A990356}.Release|Any CPU.ActiveCfg = Release|Any CPU
		{726615B1-8765-41E9-BD17-FBAB9A990356}.Release|Any CPU.Build.0 = Release|Any CPU
	EndGlobalSection
	GlobalSection(SolutionProperties) = preSolution
		HideSolutionNode = FALSE
	EndGlobalSection
	GlobalSection(ExtensibilityGlobals) = postSolution
		SolutionGuid = {6BC395F9-F9CD-4E35-B285-2D6C32B18626}
	EndGlobalSection
EndGlobal
